
Microsoft Visual Studio Solution File, Format Version 12.00
# Visual Studio Version 17
VisualStudioVersion = 17.8.34525.116
MinimumVisualStudioVersion = 10.0.40219.1
Project("{9A19103F-16F7-4668-BE54-9A1E7A4F7556}") = "WidgetBoard", "WidgetBoard\WidgetBoard.csproj", "{5268945B-33A8-4D86-A059-BCFFB71787EB}"
EndProject
Project("{FAE04EC0-301F-11D3-BF4B-00C04F79EFBC}") = "WidgetBoard.Tests", "WidgetBoard.Tests\WidgetBoard.Tests.csproj", "{090F898C-5470-4E51-83C9-A77F35C97E8F}"
EndProject
Global
	GlobalSection(SolutionConfigurationPlatforms) = preSolution
		Debug|Any CPU = Debug|Any CPU
		Release|Any CPU = Release|Any CPU
	EndGlobalSection
	GlobalSection(ProjectConfigurationPlatforms) = postSolution
		{5268945B-33A8-4D86-A059-BCFFB71787EB}.Debug|Any CPU.ActiveCfg = Debug|Any CPU
		{5268945B-33A8-4D86-A059-BCFFB71787EB}.Debug|Any CPU.Build.0 = Debug|Any CPU
		{5268945B-33A8-4D86-A059-BCFFB71787EB}.Debug|Any CPU.Deploy.0 = Debug|Any CPU
		{5268945B-33A8-4D86-A059-BCFFB71787EB}.Release|Any CPU.ActiveCfg = Release|Any CPU
		{5268945B-33A8-4D86-A059-BCFFB71787EB}.Release|Any CPU.Build.0 = Release|Any CPU
		{5268945B-33A8-4D86-A059-BCFFB71787EB}.Release|Any CPU.Deploy.0 = Release|Any CPU
		{090F898C-5470-4E51-83C9-A77F35C97E8F}.Debug|Any CPU.ActiveCfg = Debug|Any CPU
		{090F898C-5470-4E51-83C9-A77F35C97E8F}.Debug|Any CPU.Build.0 = Debug|Any CPU
		{090F898C-5470-4E51-83C9-A77F35C97E8F}.Release|Any CPU.ActiveCfg = Release|Any CPU
		{090F898C-5470-4E51-83C9-A77F35C97E8F}.Release|Any CPU.Build.0 = Release|Any CPU
	EndGlobalSection
	GlobalSection(SolutionProperties) = preSolution
		HideSolutionNode = FALSE
	EndGlobalSection
	GlobalSection(ExtensibilityGlobals) = postSolution
		SolutionGuid = {542920D7-A644-4D17-A4EA-BDB4653FF7F6}
	EndGlobalSection
EndGlobal
